
Microsoft Visual Studio Solution File, Format Version 12.00
# Visual Studio Version 17
VisualStudioVersion = 17.10.35027.167
MinimumVisualStudioVersion = 10.0.40219.1
Project("{FAE04EC0-301F-11D3-BF4B-00C04F79EFBC}") = "ASP.NET_Core_HW3", "ASP.NET_Core_HW3.csproj", "{6F7B568B-5005-4161-82FA-E923DDDA75F5}"
EndProject
Global
	GlobalSection(SolutionConfigurationPlatforms) = preSolution
		Debug|Any CPU = Debug|Any CPU
		Release|Any CPU = Release|Any CPU
	EndGlobalSection
	GlobalSection(ProjectConfigurationPlatforms) = postSolution
		{6F7B568B-5005-4161-82FA-E923DDDA75F5}.Debug|Any CPU.ActiveCfg = Debug|Any CPU
		{6F7B568B-5005-4161-82FA-E923DDDA75F5}.Debug|Any CPU.Build.0 = Debug|Any CPU
		{6F7B568B-5005-4161-82FA-E923DDDA75F5}.Release|Any CPU.ActiveCfg = Release|Any CPU
		{6F7B568B-5005-4161-82FA-E923DDDA75F5}.Release|Any CPU.Build.0 = Release|Any CPU
	EndGlobalSection
	GlobalSection(SolutionProperties) = preSolution
		HideSolutionNode = FALSE
	EndGlobalSection
	GlobalSection(ExtensibilityGlobals) = postSolution
		SolutionGuid = {D08CF1AD-E650-432C-A7EF-1EEBB5F84CD9}
	EndGlobalSection
EndGlobal
